
Microsoft Visual Studio Solution File, Format Version 12.00
# Visual Studio Version 16
VisualStudioVersion = 16.0.31205.134
MinimumVisualStudioVersion = 10.0.40219.1
Project("{FAE04EC0-301F-11D3-BF4B-00C04F79EFBC}") = "CommanderGql", "CommanderGql\CommanderGql.csproj", "{09C56240-02D0-43CC-A229-03A11602ADAB}"
EndProject
Global
	GlobalSection(SolutionConfigurationPlatforms) = preSolution
		Debug|Any CPU = Debug|Any CPU
		Release|Any CPU = Release|Any CPU
	EndGlobalSection
	GlobalSection(ProjectConfigurationPlatforms) = postSolution
		{09C56240-02D0-43CC-A229-03A11602ADAB}.Debug|Any CPU.ActiveCfg = Debug|Any CPU
		{09C56240-02D0-43CC-A229-03A11602ADAB}.Debug|Any CPU.Build.0 = Debug|Any CPU
		{09C56240-02D0-43CC-A229-03A11602ADAB}.Release|Any CPU.ActiveCfg = Release|Any CPU
		{09C56240-02D0-43CC-A229-03A11602ADAB}.Release|Any CPU.Build.0 = Release|Any CPU
	EndGlobalSection
	GlobalSection(SolutionProperties) = preSolution
		HideSolutionNode = FALSE
	EndGlobalSection
	GlobalSection(ExtensibilityGlobals) = postSolution
		SolutionGuid = {95821DC1-B177-4038-BAFD-C292E0524381}
	EndGlobalSection
EndGlobal
